{
  "name": "agentcabin-pi-extensions",
  "version": "4.0.1",
  "lockfileVersion": 3,
  "requires": true,
  "packages": {
    "": {
      "name": "agentcabin-pi-extensions",
      "version": "4.0.1",
      "dependencies": {
        "@gotgenes/pi-permission-system": "31.1.1",
        "@juicesharp/rpiv-ask-user-question": "2.11.0",
        "@juicesharp/rpiv-todo": "2.11.0",
        "@narumitw/pi-goal": "0.54.4",
        "@narumitw/pi-lsp": "0.49.7",
        "@narumitw/pi-plan-mode": "0.56.0",
        "jiti": "2.7.0",
        "pi-context-prune": "1.4.0",
        "pi-mono-multi-edit": "2.0.0"
      },
      "engines": {
        "node": ">=24.21.0 <25"
      }
    },
    "node_modules/@gotgenes/pi-permission-system": {
      "version": "31.1.1",
      "resolved": "https://registry.npmmirror.com/@gotgenes/pi-permission-system/-/pi-permission-system-31.1.1.tgz",
      "integrity": "sha512-viVAcWKUH7/AMrasnRhGQDiSUz+wZ5I5MpxRtQV16M4xj27vuTaTbjuJ4pCBP8qjdCRqBNDdxa2bpVCBG42Bhg==",
      "license": "MIT",
      "dependencies": {
        "tree-sitter-bash": "^0.25.1",
        "web-tree-sitter": "^0.26.9",
        "zod": "^4.4.3"
      },
      "engines": {
        "node": ">=22"
      },
      "peerDependencies": {
        "@earendil-works/pi-coding-agent": ">=0.79.0",
        "@earendil-works/pi-tui": ">=0.79.0"
      }
    },
    "node_modules/@juicesharp/rpiv-ask-user-question": {
      "version": "2.11.0",
      "resolved": "https://registry.npmmirror.com/@juicesharp/rpiv-ask-user-question/-/rpiv-ask-user-question-2.11.0.tgz",
      "integrity": "sha512-nSj0CfJ/cx1/I860eB8zbP/vfceriTah6yQR4fQm9gapmL02Vfy+CEuiLu3Sqcd1xhMv230ZCV/bhuZ1LFq1Pw==",
      "license": "MIT",
      "dependencies": {
        "@juicesharp/rpiv-config": "^2.11.0",
        "typebox": "^1.1.24"
      },
      "peerDependencies": {
        "@earendil-works/pi-coding-agent": "*",
        "@earendil-works/pi-tui": "*",
        "@juicesharp/rpiv-i18n": "*"
      },
      "peerDependenciesMeta": {
        "@juicesharp/rpiv-i18n": {
          "optional": true
        }
      }
    },
    "node_modules/@juicesharp/rpiv-config": {
      "version": "2.11.0",
      "resolved": "https://registry.npmmirror.com/@juicesharp/rpiv-config/-/rpiv-config-2.11.0.tgz",
      "integrity": "sha512-fjySBPar14qTPNMNPRYmH24YCaQ0r8xzW4P4jz8/Ph7JLFzIa+TM3ySzg9jRq0hh8wVqIAD4j4pcU66fdCkIag==",
      "license": "MIT",
      "dependencies": {
        "typebox": "^1.1.24"
      }
    },
    "node_modules/@juicesharp/rpiv-todo": {
      "version": "2.11.0",
      "resolved": "https://registry.npmmirror.com/@juicesharp/rpiv-todo/-/rpiv-todo-2.11.0.tgz",
      "integrity": "sha512-MNWG3xRMKrA4qgL3O1F4WiuY9+3NAWem+5Ac0NDHqYTGjikGRf6b4SdL9bw+RdEOEj2BUaKFSeTbP8vLZw5CDQ==",
      "license": "MIT",
      "dependencies": {
        "@juicesharp/rpiv-config": "^2.11.0",
        "typebox": "^1.1.24"
      },
      "peerDependencies": {
        "@earendil-works/pi-ai": "*",
        "@earendil-works/pi-coding-agent": "*",
        "@earendil-works/pi-tui": "*",
        "@juicesharp/rpiv-i18n": "*"
      },
      "peerDependenciesMeta": {
        "@juicesharp/rpiv-i18n": {
          "optional": true
        }
      }
    },
    "node_modules/@narumitw/pi-goal": {
      "version": "0.54.4",
      "resolved": "https://registry.npmmirror.com/@narumitw/pi-goal/-/pi-goal-0.54.4.tgz",
      "integrity": "sha512-WqGGYnX5YBaEUlkC2Lh3sFHizJ6/hiGBijybOBv/7RRDZvpMdfygORIl5OHhzqSPekC9+z0ROxiCzPE6hS17jQ==",
      "license": "MIT",
      "dependencies": {
        "@narumitw/pi-tui-kit": "^0.59.0"
      },
      "peerDependencies": {
        "@earendil-works/pi-ai": "*",
        "@earendil-works/pi-coding-agent": "*",
        "@earendil-works/pi-tui": "*",
        "typebox": "*"
      }
    },
    "node_modules/@narumitw/pi-lsp": {
      "version": "0.49.7",
      "resolved": "https://registry.npmmirror.com/@narumitw/pi-lsp/-/pi-lsp-0.49.7.tgz",
      "integrity": "sha512-P/4qJV5j/PkxI/B63HPjUyFEv1trGFg1txKBFTtBsdiFYdcxzQH2O6Fu/yJJudJknPnRwk6azZpJaLxTsWrlVg==",
      "license": "MIT",
      "peerDependencies": {
        "@earendil-works/pi-coding-agent": "*",
        "typebox": "*"
      }
    },
    "node_modules/@narumitw/pi-plan-mode": {
      "version": "0.56.0",
      "resolved": "https://registry.npmmirror.com/@narumitw/pi-plan-mode/-/pi-plan-mode-0.56.0.tgz",
      "integrity": "sha512-sxbIODVaV6Ct+eD+lDN+tEn0mKtU9PG7rkkVhF6EC1d7t6YLHi1ixFhrKwMrJmsAPfkCnBKKImJcXx/bMFateg==",
      "license": "MIT",
      "dependencies": {
        "@narumitw/pi-tui-kit": "^0.59.0"
      },
      "peerDependencies": {
        "@earendil-works/pi-coding-agent": "*",
        "@earendil-works/pi-tui": "*"
      }
    },
    "node_modules/@narumitw/pi-tui-kit": {
      "version": "0.59.0",
      "resolved": "https://registry.npmmirror.com/@narumitw/pi-tui-kit/-/pi-tui-kit-0.59.0.tgz",
      "integrity": "sha512-KBbOcciJD+HVbeduUwBUiSy2AehMGYeOwiRPXvac5tcjuh3SDoQ+7qsNPt2s/ku6exJKZp0GYtAVsiu5ySddmA==",
      "license": "MIT",
      "dependencies": {
        "grok-mermaid": "0.2.3",
        "highlight.js": "11.12.0"
      },
      "peerDependencies": {
        "@earendil-works/pi-coding-agent": "*",
        "@earendil-works/pi-tui": "*"
      }
    },
    "node_modules/diff": {
      "version": "8.0.4",
      "resolved": "https://registry.npmmirror.com/diff/-/diff-8.0.4.tgz",
      "integrity": "sha512-DPi0FmjiSU5EvQV0++GFDOJ9ASQUVFh5kD+OzOnYdi7n3Wpm9hWWGfB/O2blfHcMVTL5WkQXSnRiK9makhrcnw==",
      "license": "BSD-3-Clause",
      "engines": {
        "node": ">=0.3.1"
      }
    },
    "node_modules/grok-mermaid": {
      "version": "0.2.3",
      "resolved": "https://registry.npmmirror.com/grok-mermaid/-/grok-mermaid-0.2.3.tgz",
      "integrity": "sha512-/4KopAbsjvuRP9MdPtlDjOHUmUVEohOX73JNcsWpzAtFxh+bq5+Dhb6gzvRieLDwIPQIR3/vy8V1NNTuz4Zsmg==",
      "license": "Apache-2.0",
      "engines": {
        "node": ">=18"
      }
    },
    "node_modules/highlight.js": {
      "version": "11.12.0",
      "resolved": "https://registry.npmmirror.com/highlight.js/-/highlight.js-11.12.0.tgz",
      "integrity": "sha512-nbfWpyRMcMrPMmDwJB+dhX/eiaPKtc2RB+0QZskqJ3WjRA/FDS0e9hZrx8EC/lbEv8gXy98FcDbNa/dspAaJMg==",
      "license": "BSD-3-Clause",
      "engines": {
        "node": ">=12.0.0"
      }
    },
    "node_modules/jiti": {
      "version": "2.7.0",
      "resolved": "https://registry.npmmirror.com/jiti/-/jiti-2.7.0.tgz",
      "integrity": "sha512-AC/7JofJvZGrrneWNaEnJeOLUx+JlGt7tNa0wZiRPT4MY1wmfKjt2+6O2p2uz2+skll8OZZmJMNqeke7kKbNgQ==",
      "license": "MIT",
      "bin": {
        "jiti": "lib/jiti-cli.mjs"
      }
    },
    "node_modules/node-addon-api": {
      "version": "8.9.2",
      "resolved": "https://registry.npmmirror.com/node-addon-api/-/node-addon-api-8.9.2.tgz",
      "integrity": "sha512-VijLXbi3UACN69I0JVXJsX4tjACjNoQDgv2gTF6sx2wWEi8tkSg2eX8p5gSIFi8z2+DL3oHmY6OyKce38SDolg==",
      "license": "MIT",
      "engines": {
        "node": "^18 || ^20 || >= 21"
      }
    },
    "node_modules/node-gyp-build": {
      "version": "4.8.4",
      "resolved": "https://registry.npmmirror.com/node-gyp-build/-/node-gyp-build-4.8.4.tgz",
      "integrity": "sha512-LA4ZjwlnUblHVgq0oBF3Jl/6h/Nvs5fzBLwdEF4nuxnFdsfajde4WfxtJr3CaiH+F6ewcIB/q4jQ4UzPyid+CQ==",
      "license": "MIT",
      "bin": {
        "node-gyp-build": "bin.js",
        "node-gyp-build-optional": "optional.js",
        "node-gyp-build-test": "build-test.js"
      }
    },
    "node_modules/pi-context-prune": {
      "version": "1.4.0",
      "resolved": "https://registry.npmmirror.com/pi-context-prune/-/pi-context-prune-1.4.0.tgz",
      "integrity": "sha512-QeP4NQ6ZGKZpp+MtO8mEwp4+jeKigahkbuPb3dDaIg3wg9CF8l8LSiSaBPT5mChXfgSDEt0yjGxIU2pJ2z3eSw==",
      "license": "MIT",
      "peerDependencies": {
        "@earendil-works/pi-ai": "*",
        "@earendil-works/pi-coding-agent": "*",
        "@earendil-works/pi-tui": "*"
      }
    },
    "node_modules/pi-mono-multi-edit": {
      "version": "2.0.0",
      "resolved": "https://registry.npmmirror.com/pi-mono-multi-edit/-/pi-mono-multi-edit-2.0.0.tgz",
      "integrity": "sha512-d/hBwhh3B75p9zTuK+w8hSn6khNfPHEecksKpXCdPYg30WBACfabqopxQD+YUZavvrJKff9aPCtYFxQUjeMiSw==",
      "dependencies": {
        "diff": "^8.0.4"
      },
      "peerDependencies": {
        "@earendil-works/pi-ai": "*",
        "@earendil-works/pi-coding-agent": "*",
        "@earendil-works/pi-tui": "*",
        "@sinclair/typebox": "*"
      }
    },
    "node_modules/tree-sitter-bash": {
      "version": "0.25.1",
      "resolved": "https://registry.npmmirror.com/tree-sitter-bash/-/tree-sitter-bash-0.25.1.tgz",
      "integrity": "sha512-7hMytuYIMoXOq24yRulgIxthE9YmggZIOHCyPTTuJcu6EU54tYD+4G39cUb28kxC6jMf/AbPfWGLQtgPTdh3xw==",
      "hasInstallScript": true,
      "license": "MIT",
      "dependencies": {
        "node-addon-api": "^8.2.1",
        "node-gyp-build": "^4.8.2"
      },
      "peerDependencies": {
        "tree-sitter": "^0.25.0"
      },
      "peerDependenciesMeta": {
        "tree-sitter": {
          "optional": true
        }
      }
    },
    "node_modules/typebox": {
      "version": "1.3.27",
      "resolved": "https://registry.npmmirror.com/typebox/-/typebox-1.3.27.tgz",
      "integrity": "sha512-zu+jc1pcy4UiNThxikUr36f0Rybk9PEeCg/NE6adeWr/SKsdNO4EzZHYRDlv2YCVAfj3Odq3dESSo/jNyoBXzA==",
      "license": "MIT"
    },
    "node_modules/web-tree-sitter": {
      "version": "0.26.13",
      "resolved": "https://registry.npmmirror.com/web-tree-sitter/-/web-tree-sitter-0.26.13.tgz",
      "integrity": "sha512-5bUZ7vbQ1kcondet96wzP974+JfCZDeQ7bTpacICm2nnvHpa5cO0ByRsoMcAhUP+743vpkb4m0BFlVSm+Ye9VA==",
      "license": "MIT"
    },
    "node_modules/zod": {
      "version": "4.5.4",
      "resolved": "https://registry.npmmirror.com/zod/-/zod-4.5.4.tgz",
      "integrity": "sha512-sC95tT5iHHH9gtpj6A81kh+NEaRAUFN+qlUPDUbRfOMvNf5QCBqsb3WgvnpVtK5Y+4UfA6KqufotuTvMGiTlsA==",
      "license": "MIT",
      "funding": {
        "url": "https://github.com/sponsors/colinhacks"
      }
    }
  }
}
